
Microsoft Visual Studio Solution File, Format Version 12.00
# Visual Studio 15
VisualStudioVersion = 15.0.27004.2005
MinimumVisualStudioVersion = 10.0.40219.1
Project("{FAE04EC0-301F-11D3-BF4B-00C04F79EFBC}") = "DigiKey.Api", "DigiKey.Api\DigiKey.Api.csproj", "{698FF1D6-2F24-4FB6-AE59-047F567D97BA}"
EndProject
Project("{2150E333-8FDC-42A3-9474-1A3956D46DE8}") = "Tests", "Tests", "{1633081F-CD7E-4D22-AA2C-F94FBAE096DC}"
EndProject
Project("{FAE04EC0-301F-11D3-BF4B-00C04F79EFBC}") = "DigiKey.AspNetOAuth2Sample.WebApp", "DigiKey.AspNetOAuth2Sample.WebApp\DigiKey.AspNetOAuth2Sample.WebApp.csproj", "{92CD332D-0BDB-4EB2-97B2-AA6FCEE4E495}"
EndProject
Project("{2150E333-8FDC-42A3-9474-1A3956D46DE8}") = "Apps", "Apps", "{C1F97BA9-95ED-42CD-AD0A-6E22DD1CC18A}"
EndProject
Project("{FAE04EC0-301F-11D3-BF4B-00C04F79EFBC}") = "DigiKey.Api.IntegrationExams", "DigiKey.Api.IntegrationExams\DigiKey.Api.IntegrationExams.csproj", "{6588AD5C-4864-4F6F-9E71-E0A3F5C63CDA}"
EndProject
Global
	GlobalSection(SolutionConfigurationPlatforms) = preSolution
		Debug|Any CPU = Debug|Any CPU
		Release|Any CPU = Release|Any CPU
	EndGlobalSection
	GlobalSection(ProjectConfigurationPlatforms) = postSolution
		{698FF1D6-2F24-4FB6-AE59-047F567D97BA}.Debug|Any CPU.ActiveCfg = Debug|Any CPU
		{698FF1D6-2F24-4FB6-AE59-047F567D97BA}.Debug|Any CPU.Build.0 = Debug|Any CPU
		{698FF1D6-2F24-4FB6-AE59-047F567D97BA}.Release|Any CPU.ActiveCfg = Release|Any CPU
		{698FF1D6-2F24-4FB6-AE59-047F567D97BA}.Release|Any CPU.Build.0 = Release|Any CPU
		{92CD332D-0BDB-4EB2-97B2-AA6FCEE4E495}.Debug|Any CPU.ActiveCfg = Debug|Any CPU
		{92CD332D-0BDB-4EB2-97B2-AA6FCEE4E495}.Debug|Any CPU.Build.0 = Debug|Any CPU
		{92CD332D-0BDB-4EB2-97B2-AA6FCEE4E495}.Release|Any CPU.ActiveCfg = Release|Any CPU
		{92CD332D-0BDB-4EB2-97B2-AA6FCEE4E495}.Release|Any CPU.Build.0 = Release|Any CPU
		{6588AD5C-4864-4F6F-9E71-E0A3F5C63CDA}.Debug|Any CPU.ActiveCfg = Debug|Any CPU
		{6588AD5C-4864-4F6F-9E71-E0A3F5C63CDA}.Debug|Any CPU.Build.0 = Debug|Any CPU
		{6588AD5C-4864-4F6F-9E71-E0A3F5C63CDA}.Release|Any CPU.ActiveCfg = Release|Any CPU
		{6588AD5C-4864-4F6F-9E71-E0A3F5C63CDA}.Release|Any CPU.Build.0 = Release|Any CPU
	EndGlobalSection
	GlobalSection(SolutionProperties) = preSolution
		HideSolutionNode = FALSE
	EndGlobalSection
	GlobalSection(NestedProjects) = preSolution
		{92CD332D-0BDB-4EB2-97B2-AA6FCEE4E495} = {C1F97BA9-95ED-42CD-AD0A-6E22DD1CC18A}
		{6588AD5C-4864-4F6F-9E71-E0A3F5C63CDA} = {1633081F-CD7E-4D22-AA2C-F94FBAE096DC}
	EndGlobalSection
	GlobalSection(ExtensibilityGlobals) = postSolution
		SolutionGuid = {9A6DA9DB-8B7A-47BC-943B-4292409AA943}
	EndGlobalSection
EndGlobal
